// !$*UTF8*$!
{
	archiveVersion = 1;
	classes = {
	};
	objectVersion = 46;
	objects = {

/* Begin PBXBuildFile section */
		8614A40E1DC5DB7200B92BD9 /* odr.png in Resources */ = {isa = PBXBuildFile; fileRef = 8614A40D1DC5DB7200B92BD9 /* odr.png */; settings = {ASSET_TAGS = (odr, ); }; };
		86EC50FB1DC339FC00DFC612 /* AppDelegate.swift in Sources */ = {isa = PBXBuildFile; fileRef = 86EC50FA1DC339FC00DFC612 /* AppDelegate.swift */; };
		86EC50FD1DC339FC00DFC612 /* ViewController.swift in Sources */ = {isa = PBXBuildFile; fileRef = 86EC50FC1DC339FC00DFC612 /* ViewController.swift */; };
		86EC51001DC339FC00DFC612 /* Main.storyboard in Resources */ = {isa = PBXBuildFile; fileRef = 86EC50FE1DC339FC00DFC612 /* Main.storyboard */; };
		86EC51021DC339FC00DFC612 /* Assets.xcassets in Resources */ = {isa = PBXBuildFile; fileRef = 86EC51011DC339FC00DFC612 /* Assets.xcassets */; };
		86EC51051DC339FC00DFC612 /* LaunchScreen.storyboard in Resources */ = {isa = PBXBuildFile; fileRef = 86EC51031DC339FC00DFC612 /* LaunchScreen.storyboard */; };
		86EC51101DC339FC00DFC612 /* MCResourceLoaderTests.swift in Sources */ = {isa = PBXBuildFile; fileRef = 86EC510F1DC339FC00DFC612 /* MCResourceLoaderTests.swift */; };
		86EC511B1DC339FC00DFC612 /* MCResourceLoaderUITests.swift in Sources */ = {isa = PBXBuildFile; fileRef = 86EC511A1DC339FC00DFC612 /* MCResourceLoaderUITests.swift */; };
		86EC512A1DC33A1F00DFC612 /* MCResource.swift in Sources */ = {isa = PBXBuildFile; fileRef = 86EC51291DC33A1F00DFC612 /* MCResource.swift */; };
		86FC50F01DC742DC00F4E125 /* ODRSource.swift in Sources */ = {isa = PBXBuildFile; fileRef = 86FC50EF1DC742DC00F4E125 /* ODRSource.swift */; };
		86FC50F21DC75D1600F4E125 /* HTTPSource.swift in Sources */ = {isa = PBXBuildFile; fileRef = 86FC50F11DC75D1600F4E125 /* HTTPSource.swift */; };
/* End PBXBuildFile section */

/* Begin PBXContainerItemProxy section */
		86EC510C1DC339FC00DFC612 /* PBXContainerItemProxy */ = {
			isa = PBXContainerItemProxy;
			containerPortal = 86EC50EF1DC339FC00DFC612 /* Project object */;
			proxyType = 1;
			remoteGlobalIDString = 86EC50F61DC339FC00DFC612;
			remoteInfo = MCResourceLoader;
		};
		86EC51171DC339FC00DFC612 /* PBXContainerItemProxy */ = {
			isa = PBXContainerItemProxy;
			containerPortal = 86EC50EF1DC339FC00DFC612 /* Project object */;
			proxyType = 1;
			remoteGlobalIDString = 86EC50F61DC339FC00DFC612;
			remoteInfo = MCResourceLoader;
		};
/* End PBXContainerItemProxy section */

/* Begin PBXFileReference section */
		8614A40D1DC5DB7200B92BD9 /* odr.png */ = {isa = PBXFileReference; lastKnownFileType = image.png; path = odr.png; sourceTree = "<group>"; };
		86EC50F71DC339FC00DFC612 /* MCResourceLoader.app */ = {isa = PBXFileReference; explicitFileType = wrapper.application; includeInIndex = 0; path = MCResourceLoader.app; sourceTree = BUILT_PRODUCTS_DIR; };
		86EC50FA1DC339FC00DFC612 /* AppDelegate.swift */ = {isa = PBXFileReference; lastKnownFileType = sourcecode.swift; path = AppDelegate.swift; sourceTree = "<group>"; };
		86EC50FC1DC339FC00DFC612 /* ViewController.swift */ = {isa = PBXFileReference; lastKnownFileType = sourcecode.swift; path = ViewController.swift; sourceTree = "<group>"; };
		86EC50FF1DC339FC00DFC612 /* Base */ = {isa = PBXFileReference; lastKnownFileType = file.storyboard; name = Base; path = Base.lproj/Main.storyboard; sourceTree = "<group>"; };
		86EC51011DC339FC00DFC612 /* Assets.xcassets */ = {isa = PBXFileReference; lastKnownFileType = folder.assetcatalog; path = Assets.xcassets; sourceTree = "<group>"; };
		86EC51041DC339FC00DFC612 /* Base */ = {isa = PBXFileReference; lastKnownFileType = file.storyboard; name = Base; path = Base.lproj/LaunchScreen.storyboard; sourceTree = "<group>"; };
		86EC51061DC339FC00DFC612 /* Info.plist */ = {isa = PBXFileReference; lastKnownFileType = text.plist.xml; path = Info.plist; sourceTree = "<group>"; };
		86EC510B1DC339FC00DFC612 /* MCResourceLoaderTests.xctest */ = {isa = PBXFileReference; explicitFileType = wrapper.cfbundle; includeInIndex = 0; path = MCResourceLoaderTests.xctest; sourceTree = BUILT_PRODUCTS_DIR; };
		86EC510F1DC339FC00DFC612 /* MCResourceLoaderTests.swift */ = {isa = PBXFileReference; lastKnownFileType = sourcecode.swift; path = MCResourceLoaderTests.swift; sourceTree = "<group>"; };
		86EC51111DC339FC00DFC612 /* Info.plist */ = {isa = PBXFileReference; lastKnownFileType = text.plist.xml; path = Info.plist; sourceTree = "<group>"; };
		86EC51161DC339FC00DFC612 /* MCResourceLoaderUITests.xctest */ = {isa = PBXFileReference; explicitFileType = wrapper.cfbundle; includeInIndex = 0; path = MCResourceLoaderUITests.xctest; sourceTree = BUILT_PRODUCTS_DIR; };
		86EC511A1DC339FC00DFC612 /* MCResourceLoaderUITests.swift */ = {isa = PBXFileReference; lastKnownFileType = sourcecode.swift; path = MCResourceLoaderUITests.swift; sourceTree = "<group>"; };
		86EC511C1DC339FC00DFC612 /* Info.plist */ = {isa = PBXFileReference; lastKnownFileType = text.plist.xml; path = Info.plist; sourceTree = "<group>"; };
		86EC51291DC33A1F00DFC612 /* MCResource.swift */ = {isa = PBXFileReference; fileEncoding = 4; lastKnownFileType = sourcecode.swift; name = MCResource.swift; path = Classes/MCResource.swift; sourceTree = "<group>"; };
		86FC50EF1DC742DC00F4E125 /* ODRSource.swift */ = {isa = PBXFileReference; fileEncoding = 4; lastKnownFileType = sourcecode.swift; name = ODRSource.swift; path = Classes/ODRSource.swift; sourceTree = "<group>"; };
		86FC50F11DC75D1600F4E125 /* HTTPSource.swift */ = {isa = PBXFileReference; fileEncoding = 4; lastKnownFileType = sourcecode.swift; name = HTTPSource.swift; path = Classes/HTTPSource.swift; sourceTree = "<group>"; };
/* End PBXFileReference section */

/* Begin PBXFrameworksBuildPhase section */
		86EC50F41DC339FC00DFC612 /* Frameworks */ = {
			isa = PBXFrameworksBuildPhase;
			buildActionMask = 2147483647;
			files = (
			);
			runOnlyForDeploymentPostprocessing = 0;
		};
		86EC51081DC339FC00DFC612 /* Frameworks */ = {
			isa = PBXFrameworksBuildPhase;
			buildActionMask = 2147483647;
			files = (
			);
			runOnlyForDeploymentPostprocessing = 0;
		};
		86EC51131DC339FC00DFC612 /* Frameworks */ = {
			isa = PBXFrameworksBuildPhase;
			buildActionMask = 2147483647;
			files = (
			);
			runOnlyForDeploymentPostprocessing = 0;
		};
/* End PBXFrameworksBuildPhase section */

/* Begin PBXGroup section */
		86EC50EE1DC339FC00DFC612 = {
			isa = PBXGroup;
			children = (
				86EC51281DC33A0400DFC612 /* Classes */,
				86EC50F91DC339FC00DFC612 /* MCResourceLoader */,
				86EC510E1DC339FC00DFC612 /* MCResourceLoaderTests */,
				86EC51191DC339FC00DFC612 /* MCResourceLoaderUITests */,
				86EC50F81DC339FC00DFC612 /* Products */,
			);
			sourceTree = "<group>";
		};
		86EC50F81DC339FC00DFC612 /* Products */ = {
			isa = PBXGroup;
			children = (
				86EC50F71DC339FC00DFC612 /* MCResourceLoader.app */,
				86EC510B1DC339FC00DFC612 /* MCResourceLoaderTests.xctest */,
				86EC51161DC339FC00DFC612 /* MCResourceLoaderUITests.xctest */,
			);
			name = Products;
			sourceTree = "<group>";
		};
		86EC50F91DC339FC00DFC612 /* MCResourceLoader */ = {
			isa = PBXGroup;
			children = (
				8614A40D1DC5DB7200B92BD9 /* odr.png */,
				86EC50FA1DC339FC00DFC612 /* AppDelegate.swift */,
				86EC50FC1DC339FC00DFC612 /* ViewController.swift */,
				86EC50FE1DC339FC00DFC612 /* Main.storyboard */,
				86EC51011DC339FC00DFC612 /* Assets.xcassets */,
				86EC51031DC339FC00DFC612 /* LaunchScreen.storyboard */,
				86EC51061DC339FC00DFC612 /* Info.plist */,
			);
			path = MCResourceLoader;
			sourceTree = "<group>";
		};
		86EC510E1DC339FC00DFC612 /* MCResourceLoaderTests */ = {
			isa = PBXGroup;
			children = (
				86EC510F1DC339FC00DFC612 /* MCResourceLoaderTests.swift */,
				86EC51111DC339FC00DFC612 /* Info.plist */,
			);
			path = MCResourceLoaderTests;
			sourceTree = "<group>";
		};
		86EC51191DC339FC00DFC612 /* MCResourceLoaderUITests */ = {
			isa = PBXGroup;
			children = (
				86EC511A1DC339FC00DFC612 /* MCResourceLoaderUITests.swift */,
				86EC511C1DC339FC00DFC612 /* Info.plist */,
			);
			path = MCResourceLoaderUITests;
			sourceTree = "<group>";
		};
		86EC51281DC33A0400DFC612 /* Classes */ = {
			isa = PBXGroup;
			children = (
				86EC51291DC33A1F00DFC612 /* MCResource.swift */,
				86FC50EF1DC742DC00F4E125 /* ODRSource.swift */,
				86FC50F11DC75D1600F4E125 /* HTTPSource.swift */,
			);
			name = Classes;
			sourceTree = "<group>";
		};
/* End PBXGroup section */

/* Begin PBXNativeTarget section */
		86EC50F61DC339FC00DFC612 /* MCResourceLoader */ = {
			isa = PBXNativeTarget;
			buildConfigurationList = 86EC511F1DC339FC00DFC612 /* Build configuration list for PBXNativeTarget "MCResourceLoader" */;
			buildPhases = (
				86EC50F31DC339FC00DFC612 /* Sources */,
				86EC50F41DC339FC00DFC612 /* Frameworks */,
				86EC50F51DC339FC00DFC612 /* Resources */,
			);
			buildRules = (
			);
			dependencies = (
			);
			name = MCResourceLoader;
			productName = MCResourceLoader;
			productReference = 86EC50F71DC339FC00DFC612 /* MCResourceLoader.app */;
			productType = "com.apple.product-type.application";
		};
		86EC510A1DC339FC00DFC612 /* MCResourceLoaderTests */ = {
			isa = PBXNativeTarget;
			buildConfigurationList = 86EC51221DC339FC00DFC612 /* Build configuration list for PBXNativeTarget "MCResourceLoaderTests" */;
			buildPhases = (
				86EC51071DC339FC00DFC612 /* Sources */,
				86EC51081DC339FC00DFC612 /* Frameworks */,
				86EC51091DC339FC00DFC612 /* Resources */,
			);
			buildRules = (
			);
			dependencies = (
				86EC510D1DC339FC00DFC612 /* PBXTargetDependency */,
			);
			name = MCResourceLoaderTests;
			productName = MCResourceLoaderTests;
			productReference = 86EC510B1DC339FC00DFC612 /* MCResourceLoaderTests.xctest */;
			productType = "com.apple.product-type.bundle.unit-test";
		};
		86EC51151DC339FC00DFC612 /* MCResourceLoaderUITests */ = {
			isa = PBXNativeTarget;
			buildConfigurationList = 86EC51251DC339FC00DFC612 /* Build configuration list for PBXNativeTarget "MCResourceLoaderUITests" */;
			buildPhases = (
				86EC51121DC339FC00DFC612 /* Sources */,
				86EC51131DC339FC00DFC612 /* Frameworks */,
				86EC51141DC339FC00DFC612 /* Resources */,
			);
			buildRules = (
			);
			dependencies = (
				86EC51181DC339FC00DFC612 /* PBXTargetDependency */,
			);
			name = MCResourceLoaderUITests;
			productName = MCResourceLoaderUITests;
			productReference = 86EC51161DC339FC00DFC612 /* MCResourceLoaderUITests.xctest */;
			productType = "com.apple.product-type.bundle.ui-testing";
		};
/* End PBXNativeTarget section */

/* Begin PBXProject section */
		86EC50EF1DC339FC00DFC612 /* Project object */ = {
			isa = PBXProject;
			attributes = {
				KnownAssetTags = (
					odr,
				);
				LastSwiftUpdateCheck = 0810;
				LastUpgradeCheck = 0810;
				ORGANIZATIONNAME = "Mobile Creators";
				TargetAttributes = {
					86EC50F61DC339FC00DFC612 = {
						CreatedOnToolsVersion = 8.1;
						DevelopmentTeam = 6E9269D5KX;
						ProvisioningStyle = Automatic;
					};
					86EC510A1DC339FC00DFC612 = {
						CreatedOnToolsVersion = 8.1;
						DevelopmentTeam = 6E9269D5KX;
						ProvisioningStyle = Automatic;
						TestTargetID = 86EC50F61DC339FC00DFC612;
					};
					86EC51151DC339FC00DFC612 = {
						CreatedOnToolsVersion = 8.1;
						DevelopmentTeam = 6E9269D5KX;
						ProvisioningStyle = Automatic;
						TestTargetID = 86EC50F61DC339FC00DFC612;
					};
				};
			};
			buildConfigurationList = 86EC50F21DC339FC00DFC612 /* Build configuration list for PBXProject "MCResourceLoader" */;
			compatibilityVersion = "Xcode 3.2";
			developmentRegion = English;
			hasScannedForEncodings = 0;
			knownRegions = (
				en,
				Base,
			);
			mainGroup = 86EC50EE1DC339FC00DFC612;
			productRefGroup = 86EC50F81DC339FC00DFC612 /* Products */;
			projectDirPath = "";
			projectRoot = "";
			targets = (
				86EC50F61DC339FC00DFC612 /* MCResourceLoader */,
				86EC510A1DC339FC00DFC612 /* MCResourceLoaderTests */,
				86EC51151DC339FC00DFC612 /* MCResourceLoaderUITests */,
			);
		};
/* End PBXProject section */

/* Begin PBXResourcesBuildPhase section */
		86EC50F51DC339FC00DFC612 /* Resources */ = {
			isa = PBXResourcesBuildPhase;
			buildActionMask = 2147483647;
			files = (
				86EC51051DC339FC00DFC612 /* LaunchScreen.storyboard in Resources */,
				86EC51021DC339FC00DFC612 /* Assets.xcassets in Resources */,
				86EC51001DC339FC00DFC612 /* Main.storyboard in Resources */,
				8614A40E1DC5DB7200B92BD9 /* odr.png in Resources */,
			);
			runOnlyForDeploymentPostprocessing = 0;
		};
		86EC51091DC339FC00DFC612 /* Resources */ = {
			isa = PBXResourcesBuildPhase;
			buildActionMask = 2147483647;
			files = (
			);
			runOnlyForDeploymentPostprocessing = 0;
		};
		86EC51141DC339FC00DFC612 /* Resources */ = {
			isa = PBXResourcesBuildPhase;
			buildActionMask = 2147483647;
			files = (
			);
			runOnlyForDeploymentPostprocessing = 0;
		};
/* End PBXResourcesBuildPhase section */

/* Begin PBXSourcesBuildPhase section */
		86EC50F31DC339FC00DFC612 /* Sources */ = {
			isa = PBXSourcesBuildPhase;
			buildActionMask = 2147483647;
			files = (
				86FC50F01DC742DC00F4E125 /* ODRSource.swift in Sources */,
				86FC50F21DC75D1600F4E125 /* HTTPSource.swift in Sources */,
				86EC512A1DC33A1F00DFC612 /* MCResource.swift in Sources */,
				86EC50FD1DC339FC00DFC612 /* ViewController.swift in Sources */,
				86EC50FB1DC339FC00DFC612 /* AppDelegate.swift in Sources */,
			);
			runOnlyForDeploymentPostprocessing = 0;
		};
		86EC51071DC339FC00DFC612 /* Sources */ = {
			isa = PBXSourcesBuildPhase;
			buildActionMask = 2147483647;
			files = (
				86EC51101DC339FC00DFC612 /* MCResourceLoaderTests.swift in Sources */,
			);
			runOnlyForDeploymentPostprocessing = 0;
		};
		86EC51121DC339FC00DFC612 /* Sources */ = {
			isa = PBXSourcesBuildPhase;
			buildActionMask = 2147483647;
			files = (
				86EC511B1DC339FC00DFC612 /* MCResourceLoaderUITests.swift in Sources */,
			);
			runOnlyForDeploymentPostprocessing = 0;
		};
/* End PBXSourcesBuildPhase section */

/* Begin PBXTargetDependency section */
		86EC510D1DC339FC00DFC612 /* PBXTargetDependency */ = {
			isa = PBXTargetDependency;
			target = 86EC50F61DC339FC00DFC612 /* MCResourceLoader */;
			targetProxy = 86EC510C1DC339FC00DFC612 /* PBXContainerItemProxy */;
		};
		86EC51181DC339FC00DFC612 /* PBXTargetDependency */ = {
			isa = PBXTargetDependency;
			target = 86EC50F61DC339FC00DFC612 /* MCResourceLoader */;
			targetProxy = 86EC51171DC339FC00DFC612 /* PBXContainerItemProxy */;
		};
/* End PBXTargetDependency section */

/* Begin PBXVariantGroup section */
		86EC50FE1DC339FC00DFC612 /* Main.storyboard */ = {
			isa = PBXVariantGroup;
			children = (
				86EC50FF1DC339FC00DFC612 /* Base */,
			);
			name = Main.storyboard;
			sourceTree = "<group>";
		};
		86EC51031DC339FC00DFC612 /* LaunchScreen.storyboard */ = {
			isa = PBXVariantGroup;
			children = (
				86EC51041DC339FC00DFC612 /* Base */,
			);
			name = LaunchScreen.storyboard;
			sourceTree = "<group>";
		};
/* End PBXVariantGroup section */

/* Begin XCBuildConfiguration section */
		86EC511D1DC339FC00DFC612 /* Debug */ = {
			isa = XCBuildConfiguration;
			buildSettings = {
				ALWAYS_SEARCH_USER_PATHS = NO;
				CLANG_ANALYZER_NONNULL = YES;
				CLANG_CXX_LANGUAGE_STANDARD = "gnu++0x";
				CLANG_CXX_LIBRARY = "libc++";
				CLANG_ENABLE_MODULES = YES;
				CLANG_ENABLE_OBJC_ARC = YES;
				CLANG_WARN_BOOL_CONVERSION = YES;
				CLANG_WARN_CONSTANT_CONVERSION = YES;
				CLANG_WARN_DIRECT_OBJC_ISA_USAGE = YES_ERROR;
				CLANG_WARN_DOCUMENTATION_COMMENTS = YES;
				CLANG_WARN_EMPTY_BODY = YES;
				CLANG_WARN_ENUM_CONVERSION = YES;
				CLANG_WARN_INFINITE_RECURSION = YES;
				CLANG_WARN_INT_CONVERSION = YES;
				CLANG_WARN_OBJC_ROOT_CLASS = YES_ERROR;
				CLANG_WARN_SUSPICIOUS_MOVES = YES;
				CLANG_WARN_UNREACHABLE_CODE = YES;
				CLANG_WARN__DUPLICATE_METHOD_MATCH = YES;
				"CODE_SIGN_IDENTITY[sdk=iphoneos*]" = "iPhone Developer";
				COPY_PHASE_STRIP = NO;
				DEBUG_INFORMATION_FORMAT = dwarf;
				ENABLE_STRICT_OBJC_MSGSEND = YES;
				ENABLE_TESTABILITY = YES;
				GCC_C_LANGUAGE_STANDARD = gnu99;
				GCC_DYNAMIC_NO_PIC = NO;
				GCC_NO_COMMON_BLOCKS = YES;
				GCC_OPTIMIZATION_LEVEL = 0;
				GCC_PREPROCESSOR_DEFINITIONS = (
					"DEBUG=1",
					"$(inherited)",
				);
				GCC_WARN_64_TO_32_BIT_CONVERSION = YES;
				GCC_WARN_ABOUT_RETURN_TYPE = YES_ERROR;
				GCC_WARN_UNDECLARED_SELECTOR = YES;
				GCC_WARN_UNINITIALIZED_AUTOS = YES_AGGRESSIVE;
				GCC_WARN_UNUSED_FUNCTION = YES;
				GCC_WARN_UNUSED_VARIABLE = YES;
				IPHONEOS_DEPLOYMENT_TARGET = 10.1;
				MTL_ENABLE_DEBUG_INFO = YES;
				ONLY_ACTIVE_ARCH = YES;
				SDKROOT = iphoneos;
				SWIFT_ACTIVE_COMPILATION_CONDITIONS = DEBUG;
				SWIFT_OPTIMIZATION_LEVEL = "-Onone";
				TARGETED_DEVICE_FAMILY = "1,2";
			};
			name = Debug;
		};
		86EC511E1DC339FC00DFC612 /* Release */ = {
			isa = XCBuildConfiguration;
			buildSettings = {
				ALWAYS_SEARCH_USER_PATHS = NO;
				CLANG_ANALYZER_NONNULL = YES;
				CLANG_CXX_LANGUAGE_STANDARD = "gnu++0x";
				CLANG_CXX_LIBRARY = "libc++";
				CLANG_ENABLE_MODULES = YES;
				CLANG_ENABLE_OBJC_ARC = YES;
				CLANG_WARN_BOOL_CONVERSION = YES;
				CLANG_WARN_CONSTANT_CONVERSION = YES;
				CLANG_WARN_DIRECT_OBJC_ISA_USAGE = YES_ERROR;
				CLANG_WARN_DOCUMENTATION_COMMENTS = YES;
				CLANG_WARN_EMPTY_BODY = YES;
				CLANG_WARN_ENUM_CONVERSION = YES;
				CLANG_WARN_INFINITE_RECURSION = YES;
				CLANG_WARN_INT_CONVERSION = YES;
				CLANG_WARN_OBJC_ROOT_CLASS = YES_ERROR;
				CLANG_WARN_SUSPICIOUS_MOVES = YES;
				CLANG_WARN_UNREACHABLE_CODE = YES;
				CLANG_WARN__DUPLICATE_METHOD_MATCH = YES;
				"CODE_SIGN_IDENTITY[sdk=iphoneos*]" = "iPhone Developer";
				COPY_PHASE_STRIP = NO;
				DEBUG_INFORMATION_FORMAT = "dwarf-with-dsym";
				ENABLE_NS_ASSERTIONS = NO;
				ENABLE_STRICT_OBJC_MSGSEND = YES;
				GCC_C_LANGUAGE_STANDARD = gnu99;
				GCC_NO_COMMON_BLOCKS = YES;
				GCC_WARN_64_TO_32_BIT_CONVERSION = YES;
				GCC_WARN_ABOUT_RETURN_TYPE = YES_ERROR;
				GCC_WARN_UNDECLARED_SELECTOR = YES;
				GCC_WARN_UNINITIALIZED_AUTOS = YES_AGGRESSIVE;
				GCC_WARN_UNUSED_FUNCTION = YES;
				GCC_WARN_UNUSED_VARIABLE = YES;
				IPHONEOS_DEPLOYMENT_TARGET = 10.1;
				MTL_ENABLE_DEBUG_INFO = NO;
				SDKROOT = iphoneos;
				SWIFT_OPTIMIZATION_LEVEL = "-Owholemodule";
				TARGETED_DEVICE_FAMILY = "1,2";
				VALIDATE_PRODUCT = YES;
			};
			name = Release;
		};
		86EC51201DC339FC00DFC612 /* Debug */ = {
			isa = XCBuildConfiguration;
			buildSettings = {
				ASSETCATALOG_COMPILER_APPICON_NAME = AppIcon;
				DEVELOPMENT_TEAM = 6E9269D5KX;
				INFOPLIST_FILE = MCResourceLoader/Info.plist;
				LD_RUNPATH_SEARCH_PATHS = "$(inherited) @executable_path/Frameworks";
				PRODUCT_BUNDLE_IDENTIFIER = com.mobicreators.MCResourceLoader;
				PRODUCT_NAME = "$(TARGET_NAME)";
				SWIFT_VERSION = 3.0;
			};
			name = Debug;
		};
		86EC51211DC339FC00DFC612 /* Release */ = {
			isa = XCBuildConfiguration;
			buildSettings = {
				ASSETCATALOG_COMPILER_APPICON_NAME = AppIcon;
				DEVELOPMENT_TEAM = 6E9269D5KX;
				INFOPLIST_FILE = MCResourceLoader/Info.plist;
				LD_RUNPATH_SEARCH_PATHS = "$(inherited) @executable_path/Frameworks";
				PRODUCT_BUNDLE_IDENTIFIER = com.mobicreators.MCResourceLoader;
				PRODUCT_NAME = "$(TARGET_NAME)";
				SWIFT_VERSION = 3.0;
			};
			name = Release;
		};
		86EC51231DC339FC00DFC612 /* Debug */ = {
			isa = XCBuildConfiguration;
			buildSettings = {
				ALWAYS_EMBED_SWIFT_STANDARD_LIBRARIES = YES;
				BUNDLE_LOADER = "$(TEST_HOST)";
				DEVELOPMENT_TEAM = 6E9269D5KX;
				INFOPLIST_FILE = MCResourceLoaderTests/Info.plist;
				LD_RUNPATH_SEARCH_PATHS = "$(inherited) @executable_path/Frameworks @loader_path/Frameworks";
				PRODUCT_BUNDLE_IDENTIFIER = com.mobicreators.MCResourceLoaderTests;
				PRODUCT_NAME = "$(TARGET_NAME)";
				SWIFT_VERSION = 3.0;
				TEST_HOST = "$(BUILT_PRODUCTS_DIR)/MCResourceLoader.app/MCResourceLoader";
			};
			name = Debug;
		};
		86EC51241DC339FC00DFC612 /* Release */ = {
			isa = XCBuildConfiguration;
			buildSettings = {
				ALWAYS_EMBED_SWIFT_STANDARD_LIBRARIES = YES;
				BUNDLE_LOADER = "$(TEST_HOST)";
				DEVELOPMENT_TEAM = 6E9269D5KX;
				INFOPLIST_FILE = MCResourceLoaderTests/Info.plist;
				LD_RUNPATH_SEARCH_PATHS = "$(inherited) @executable_path/Frameworks @loader_path/Frameworks";
				PRODUCT_BUNDLE_IDENTIFIER = com.mobicreators.MCResourceLoaderTests;
				PRODUCT_NAME = "$(TARGET_NAME)";
				SWIFT_VERSION = 3.0;
				TEST_HOST = "$(BUILT_PRODUCTS_DIR)/MCResourceLoader.app/MCResourceLoader";
			};
			name = Release;
		};
		86EC51261DC339FC00DFC612 /* Debug */ = {
			isa = XCBuildConfiguration;
			buildSettings = {
				ALWAYS_EMBED_SWIFT_STANDARD_LIBRARIES = YES;
				DEVELOPMENT_TEAM = 6E9269D5KX;
				INFOPLIST_FILE = MCResourceLoaderUITests/Info.plist;
				LD_RUNPATH_SEARCH_PATHS = "$(inherited) @executable_path/Frameworks @loader_path/Frameworks";
				PRODUCT_BUNDLE_IDENTIFIER = com.mobicreators.MCResourceLoaderUITests;
				PRODUCT_NAME = "$(TARGET_NAME)";
				SWIFT_VERSION = 3.0;
				TEST_TARGET_NAME = MCResourceLoader;
			};
			name = Debug;
		};
		86EC51271DC339FC00DFC612 /* Release */ = {
			isa = XCBuildConfiguration;
			buildSettings = {
				ALWAYS_EMBED_SWIFT_STANDARD_LIBRARIES = YES;
				DEVELOPMENT_TEAM = 6E9269D5KX;
				INFOPLIST_FILE = MCResourceLoaderUITests/Info.plist;
				LD_RUNPATH_SEARCH_PATHS = "$(inherited) @executable_path/Frameworks @loader_path/Frameworks";
				PRODUCT_BUNDLE_IDENTIFIER = com.mobicreators.MCResourceLoaderUITests;
				PRODUCT_NAME = "$(TARGET_NAME)";
				SWIFT_VERSION = 3.0;
				TEST_TARGET_NAME = MCResourceLoader;
			};
			name = Release;
		};
/* End XCBuildConfiguration section */

/* Begin XCConfigurationList section */
		86EC50F21DC339FC00DFC612 /* Build configuration list for PBXProject "MCResourceLoader" */ = {
			isa = XCConfigurationList;
			buildConfigurations = (
				86EC511D1DC339FC00DFC612 /* Debug */,
				86EC511E1DC339FC00DFC612 /* Release */,
			);
			defaultConfigurationIsVisible = 0;
			defaultConfigurationName = Release;
		};
		86EC511F1DC339FC00DFC612 /* Build configuration list for PBXNativeTarget "MCResourceLoader" */ = {
			isa = XCConfigurationList;
			buildConfigurations = (
				86EC51201DC339FC00DFC612 /* Debug */,
				86EC51211DC339FC00DFC612 /* Release */,
			);
			defaultConfigurationIsVisible = 0;
			defaultConfigurationName = Release;
		};
		86EC51221DC339FC00DFC612 /* Build configuration list for PBXNativeTarget "MCResourceLoaderTests" */ = {
			isa = XCConfigurationList;
			buildConfigurations = (
				86EC51231DC339FC00DFC612 /* Debug */,
				86EC51241DC339FC00DFC612 /* Release */,
			);
			defaultConfigurationIsVisible = 0;
			defaultConfigurationName = Release;
		};
		86EC51251DC339FC00DFC612 /* Build configuration list for PBXNativeTarget "MCResourceLoaderUITests" */ = {
			isa = XCConfigurationList;
			buildConfigurations = (
				86EC51261DC339FC00DFC612 /* Debug */,
				86EC51271DC339FC00DFC612 /* Release */,
			);
			defaultConfigurationIsVisible = 0;
			defaultConfigurationName = Release;
		};
/* End XCConfigurationList section */
	};
	rootObject = 86EC50EF1DC339FC00DFC612 /* Project object */;
}
